
Microsoft Visual Studio Solution File, Format Version 12.00
# Visual Studio Version 17
VisualStudioVersion = 17.5.2.0
MinimumVisualStudioVersion = 10.0.40219.1
Project("{FAE04EC0-301F-11D3-BF4B-00C04F79EFBC}") = "IntroTopic", "IntroTopic\IntroTopic.csproj", "{CAAA20CF-FAE5-84CF-BECA-132BD7FFFD18}"
EndProject
Project("{2150E333-8FDC-42A3-9474-1A3956D46DE8}") = "week2pracB", "week2pracB", "{98EA9395-EBEE-AD0F-7B2E-74B027DBA4D5}"
EndProject
Project("{FAE04EC0-301F-11D3-BF4B-00C04F79EFBC}") = "Bank", "week2pracB\Bank\Bank.csproj", "{196641AD-A2DE-4A49-B29C-BB5F67C6506C}"
EndProject
Global
	GlobalSection(SolutionConfigurationPlatforms) = preSolution
		Debug|Any CPU = Debug|Any CPU
		Debug|x64 = Debug|x64
		Debug|x86 = Debug|x86
		Release|Any CPU = Release|Any CPU
		Release|x64 = Release|x64
		Release|x86 = Release|x86
	EndGlobalSection
	GlobalSection(ProjectConfigurationPlatforms) = postSolution
		{CAAA20CF-FAE5-84CF-BECA-132BD7FFFD18}.Debug|Any CPU.ActiveCfg = Debug|Any CPU
		{CAAA20CF-FAE5-84CF-BECA-132BD7FFFD18}.Debug|Any CPU.Build.0 = Debug|Any CPU
		{CAAA20CF-FAE5-84CF-BECA-132BD7FFFD18}.Debug|x64.ActiveCfg = Debug|Any CPU
		{CAAA20CF-FAE5-84CF-BECA-132BD7FFFD18}.Debug|x64.Build.0 = Debug|Any CPU
		{CAAA20CF-FAE5-84CF-BECA-132BD7FFFD18}.Debug|x86.ActiveCfg = Debug|Any CPU
		{CAAA20CF-FAE5-84CF-BECA-132BD7FFFD18}.Debug|x86.Build.0 = Debug|Any CPU
		{CAAA20CF-FAE5-84CF-BECA-132BD7FFFD18}.Release|Any CPU.ActiveCfg = Release|Any CPU
		{CAAA20CF-FAE5-84CF-BECA-132BD7FFFD18}.Release|Any CPU.Build.0 = Release|Any CPU
		{CAAA20CF-FAE5-84CF-BECA-132BD7FFFD18}.Release|x64.ActiveCfg = Release|Any CPU
		{CAAA20CF-FAE5-84CF-BECA-132BD7FFFD18}.Release|x64.Build.0 = Release|Any CPU
		{CAAA20CF-FAE5-84CF-BECA-132BD7FFFD18}.Release|x86.ActiveCfg = Release|Any CPU
		{CAAA20CF-FAE5-84CF-BECA-132BD7FFFD18}.Release|x86.Build.0 = Release|Any CPU
		{196641AD-A2DE-4A49-B29C-BB5F67C6506C}.Debug|Any CPU.ActiveCfg = Debug|Any CPU
		{196641AD-A2DE-4A49-B29C-BB5F67C6506C}.Debug|Any CPU.Build.0 = Debug|Any CPU
		{196641AD-A2DE-4A49-B29C-BB5F67C6506C}.Debug|x64.ActiveCfg = Debug|Any CPU
		{196641AD-A2DE-4A49-B29C-BB5F67C6506C}.Debug|x64.Build.0 = Debug|Any CPU
		{196641AD-A2DE-4A49-B29C-BB5F67C6506C}.Debug|x86.ActiveCfg = Debug|Any CPU
		{196641AD-A2DE-4A49-B29C-BB5F67C6506C}.Debug|x86.Build.0 = Debug|Any CPU
		{196641AD-A2DE-4A49-B29C-BB5F67C6506C}.Release|Any CPU.ActiveCfg = Release|Any CPU
		{196641AD-A2DE-4A49-B29C-BB5F67C6506C}.Release|Any CPU.Build.0 = Release|Any CPU
		{196641AD-A2DE-4A49-B29C-BB5F67C6506C}.Release|x64.ActiveCfg = Release|Any CPU
		{196641AD-A2DE-4A49-B29C-BB5F67C6506C}.Release|x64.Build.0 = Release|Any CPU
		{196641AD-A2DE-4A49-B29C-BB5F67C6506C}.Release|x86.ActiveCfg = Release|Any CPU
		{196641AD-A2DE-4A49-B29C-BB5F67C6506C}.Release|x86.Build.0 = Release|Any CPU
	EndGlobalSection
	GlobalSection(SolutionProperties) = preSolution
		HideSolutionNode = FALSE
	EndGlobalSection
	GlobalSection(NestedProjects) = preSolution
		{196641AD-A2DE-4A49-B29C-BB5F67C6506C} = {98EA9395-EBEE-AD0F-7B2E-74B027DBA4D5}
	EndGlobalSection
	GlobalSection(ExtensibilityGlobals) = postSolution
		SolutionGuid = {81B3B592-8728-4CBF-AF0D-EB39F2B6247E}
	EndGlobalSection
EndGlobal
