Microsoft Visual Studio Solution File, Format Version 12.00
# Visual Studio Version 17
VisualStudioVersion = 17.5.2.0
MinimumVisualStudioVersion = 10.0.40219.1
Project("{FAE04EC0-301F-11D3-BF4B-00C04F79EFBC}") = "topic4praca", "topic4praca\topic4praca.csproj", "{9C387E7F-E6D5-CE0D-570E-73647B1D4085}"
EndProject
Global
	GlobalSection(SolutionConfigurationPlatforms) = preSolution
		Debug|Any CPU = Debug|Any CPU
		Release|Any CPU = Release|Any CPU
	EndGlobalSection
	GlobalSection(ProjectConfigurationPlatforms) = postSolution
		{9C387E7F-E6D5-CE0D-570E-73647B1D4085}.Debug|Any CPU.ActiveCfg = Debug|Any CPU
		{9C387E7F-E6D5-CE0D-570E-73647B1D4085}.Debug|Any CPU.Build.0 = Debug|Any CPU
		{9C387E7F-E6D5-CE0D-570E-73647B1D4085}.Release|Any CPU.ActiveCfg = Release|Any CPU
		{9C387E7F-E6D5-CE0D-570E-73647B1D4085}.Release|Any CPU.Build.0 = Release|Any CPU
	EndGlobalSection
	GlobalSection(SolutionProperties) = preSolution
		HideSolutionNode = FALSE
	EndGlobalSection
	GlobalSection(ExtensibilityGlobals) = postSolution
		SolutionGuid = {229913A6-4DD8-42C6-842A-3CEAA449127C}
	EndGlobalSection
EndGlobal
